
Microsoft Visual Studio Solution File, Format Version 12.00
# Visual Studio Version 17
VisualStudioVersion = 17.14.36301.6 d17.14
MinimumVisualStudioVersion = 10.0.40219.1
Project("{FAE04EC0-301F-11D3-BF4B-00C04F79EFBC}") = "LAB5", "LAB5\LAB5.csproj", "{D4D600A2-372B-44D6-B858-40567EC03934}"
EndProject
Global
	GlobalSection(SolutionConfigurationPlatforms) = preSolution
		Debug|Any CPU = Debug|Any CPU
		Release|Any CPU = Release|Any CPU
	EndGlobalSection
	GlobalSection(ProjectConfigurationPlatforms) = postSolution
		{D4D600A2-372B-44D6-B858-40567EC03934}.Debug|Any CPU.ActiveCfg = Debug|Any CPU
		{D4D600A2-372B-44D6-B858-40567EC03934}.Debug|Any CPU.Build.0 = Debug|Any CPU
		{D4D600A2-372B-44D6-B858-40567EC03934}.Release|Any CPU.ActiveCfg = Release|Any CPU
		{D4D600A2-372B-44D6-B858-40567EC03934}.Release|Any CPU.Build.0 = Release|Any CPU
	EndGlobalSection
	GlobalSection(SolutionProperties) = preSolution
		HideSolutionNode = FALSE
	EndGlobalSection
	GlobalSection(ExtensibilityGlobals) = postSolution
		SolutionGuid = {21337C9C-44C7-4718-BCC2-0C39ADE35840}
	EndGlobalSection
EndGlobal
